
Microsoft Visual Studio Solution File, Format Version 12.00
# Visual Studio Version 17
VisualStudioVersion = 17.5.33516.290
MinimumVisualStudioVersion = 10.0.40219.1
Project("{FAE04EC0-301F-11D3-BF4B-00C04F79EFBC}") = "MétodosFunções", "MétodosFunções\MétodosFunções.csproj", "{37ACF4D0-C4E5-4093-A8E6-080CAD2A16EC}"
EndProject
Global
	GlobalSection(SolutionConfigurationPlatforms) = preSolution
		Debug|Any CPU = Debug|Any CPU
		Release|Any CPU = Release|Any CPU
	EndGlobalSection
	GlobalSection(ProjectConfigurationPlatforms) = postSolution
		{37ACF4D0-C4E5-4093-A8E6-080CAD2A16EC}.Debug|Any CPU.ActiveCfg = Debug|Any CPU
		{37ACF4D0-C4E5-4093-A8E6-080CAD2A16EC}.Debug|Any CPU.Build.0 = Debug|Any CPU
		{37ACF4D0-C4E5-4093-A8E6-080CAD2A16EC}.Release|Any CPU.ActiveCfg = Release|Any CPU
		{37ACF4D0-C4E5-4093-A8E6-080CAD2A16EC}.Release|Any CPU.Build.0 = Release|Any CPU
	EndGlobalSection
	GlobalSection(SolutionProperties) = preSolution
		HideSolutionNode = FALSE
	EndGlobalSection
	GlobalSection(ExtensibilityGlobals) = postSolution
		SolutionGuid = {39C8F8E0-722B-4AAF-A652-700833B1C6C2}
	EndGlobalSection
EndGlobal
