
Microsoft Visual Studio Solution File, Format Version 12.00
# Visual Studio Version 17
VisualStudioVersion = 17.5.33516.290
MinimumVisualStudioVersion = 10.0.40219.1
Project("{FAE04EC0-301F-11D3-BF4B-00C04F79EFBC}") = "WinFormNotepad", "WinFormNotepad\WinFormNotepad.csproj", "{D4555DDF-E03D-4672-A9BD-B787A587524A}"
EndProject
Global
	GlobalSection(SolutionConfigurationPlatforms) = preSolution
		Debug|Any CPU = Debug|Any CPU
		Release|Any CPU = Release|Any CPU
	EndGlobalSection
	GlobalSection(ProjectConfigurationPlatforms) = postSolution
		{D4555DDF-E03D-4672-A9BD-B787A587524A}.Debug|Any CPU.ActiveCfg = Debug|Any CPU
		{D4555DDF-E03D-4672-A9BD-B787A587524A}.Debug|Any CPU.Build.0 = Debug|Any CPU
		{D4555DDF-E03D-4672-A9BD-B787A587524A}.Release|Any CPU.ActiveCfg = Release|Any CPU
		{D4555DDF-E03D-4672-A9BD-B787A587524A}.Release|Any CPU.Build.0 = Release|Any CPU
	EndGlobalSection
	GlobalSection(SolutionProperties) = preSolution
		HideSolutionNode = FALSE
	EndGlobalSection
	GlobalSection(ExtensibilityGlobals) = postSolution
		SolutionGuid = {3202FCE5-47FF-4B6B-8F8B-60F44374D2C4}
	EndGlobalSection
EndGlobal
